
Microsoft Visual Studio Solution File, Format Version 12.00
# Visual Studio Version 17
VisualStudioVersion = 17.1.32407.343
MinimumVisualStudioVersion = 10.0.40219.1
Project("{FAE04EC0-301F-11D3-BF4B-00C04F79EFBC}") = "UserRegistrationProblem", "UserRegistrationProblem.csproj", "{620337A0-FCC2-457D-948A-BD7281BE12B7}"
EndProject
Project("{FAE04EC0-301F-11D3-BF4B-00C04F79EFBC}") = "UserRegistrationTest", "..\UserRegistrationTest\UserRegistrationTest.csproj", "{77406BFA-3273-409E-BB7D-AD76EA15FF11}"
EndProject
Global
	GlobalSection(SolutionConfigurationPlatforms) = preSolution
		Debug|Any CPU = Debug|Any CPU
		Release|Any CPU = Release|Any CPU
	EndGlobalSection
	GlobalSection(ProjectConfigurationPlatforms) = postSolution
		{620337A0-FCC2-457D-948A-BD7281BE12B7}.Debug|Any CPU.ActiveCfg = Debug|Any CPU
		{620337A0-FCC2-457D-948A-BD7281BE12B7}.Debug|Any CPU.Build.0 = Debug|Any CPU
		{620337A0-FCC2-457D-948A-BD7281BE12B7}.Release|Any CPU.ActiveCfg = Release|Any CPU
		{620337A0-FCC2-457D-948A-BD7281BE12B7}.Release|Any CPU.Build.0 = Release|Any CPU
		{77406BFA-3273-409E-BB7D-AD76EA15FF11}.Debug|Any CPU.ActiveCfg = Debug|Any CPU
		{77406BFA-3273-409E-BB7D-AD76EA15FF11}.Debug|Any CPU.Build.0 = Debug|Any CPU
		{77406BFA-3273-409E-BB7D-AD76EA15FF11}.Release|Any CPU.ActiveCfg = Release|Any CPU
		{77406BFA-3273-409E-BB7D-AD76EA15FF11}.Release|Any CPU.Build.0 = Release|Any CPU
	EndGlobalSection
	GlobalSection(SolutionProperties) = preSolution
		HideSolutionNode = FALSE
	EndGlobalSection
	GlobalSection(ExtensibilityGlobals) = postSolution
		SolutionGuid = {E90A8AE5-0ED3-447A-AD1B-98F214FCEDA3}
	EndGlobalSection
EndGlobal
